
Microsoft Visual Studio Solution File, Format Version 12.00
# Visual Studio Version 17
VisualStudioVersion = 17.4.33205.214
MinimumVisualStudioVersion = 10.0.40219.1
Project("{FAE04EC0-301F-11D3-BF4B-00C04F79EFBC}") = "Техника", "Техника\Техника.csproj", "{8C341C6F-F3CD-4E8D-B71F-DA9E8DA5ECBA}"
EndProject
Global
	GlobalSection(SolutionConfigurationPlatforms) = preSolution
		Debug|Any CPU = Debug|Any CPU
		Release|Any CPU = Release|Any CPU
	EndGlobalSection
	GlobalSection(ProjectConfigurationPlatforms) = postSolution
		{8C341C6F-F3CD-4E8D-B71F-DA9E8DA5ECBA}.Debug|Any CPU.ActiveCfg = Debug|Any CPU
		{8C341C6F-F3CD-4E8D-B71F-DA9E8DA5ECBA}.Debug|Any CPU.Build.0 = Debug|Any CPU
		{8C341C6F-F3CD-4E8D-B71F-DA9E8DA5ECBA}.Release|Any CPU.ActiveCfg = Release|Any CPU
		{8C341C6F-F3CD-4E8D-B71F-DA9E8DA5ECBA}.Release|Any CPU.Build.0 = Release|Any CPU
	EndGlobalSection
	GlobalSection(SolutionProperties) = preSolution
		HideSolutionNode = FALSE
	EndGlobalSection
	GlobalSection(ExtensibilityGlobals) = postSolution
		SolutionGuid = {0EFEF1ED-4DF0-4851-A9CC-DE563F850825}
	EndGlobalSection
EndGlobal
